# This file is generated by running "yarn install" inside your project.
# Manual changes might be lost - proceed with caution!

__metadata:
  version: 8
  cacheKey: 10c0

"@metamask/superstruct@npm:3.0.0":
  version: 3.0.0
  resolution: "@metamask/superstruct@npm:3.0.0"
  checksum: 10c0/daa6bd3e674f94d687ffb5723165a560f603f61e54f44cbff8ba4373839db3d4241911770a0eed393efdf57da1e273450bce7f51b3d899443a528ab2c5aa3b33
  languageName: node
  linkType: hard

"lsp-js@workspace:.":
  version: 0.0.0-use.local
  resolution: "lsp-js@workspace:."
  dependencies:
    "@metamask/superstruct": "npm:3.0.0"
  languageName: unknown
  linkType: soft
